
Microsoft Visual Studio Solution File, Format Version 12.00
# Visual Studio Version 17
VisualStudioVersion = 17.3.32819.101
MinimumVisualStudioVersion = 10.0.40219.1
Project("{9A19103F-16F7-4668-BE54-9A1E7A4F7556}") = "backend", "backend\backend.csproj", "{766AD84D-6269-47F0-AC9A-DE04DECB508D}"
EndProject
Project("{9A19103F-16F7-4668-BE54-9A1E7A4F7556}") = "backend.Tests", "backend.Tests\backend.Tests.csproj", "{88ECECB7-AF09-4D46-B48F-3BE672B96595}"
EndProject
Project("{FAE04EC0-301F-11D3-BF4B-00C04F79EFBC}") = "FunctionProject", "FunctionProject\FunctionProject.csproj", "{7E678045-88FD-405D-B1F2-88513E8A1BD9}"
EndProject
Global
	GlobalSection(SolutionConfigurationPlatforms) = preSolution
		Debug|Any CPU = Debug|Any CPU
		Release|Any CPU = Release|Any CPU
	EndGlobalSection
	GlobalSection(ProjectConfigurationPlatforms) = postSolution
		{766AD84D-6269-47F0-AC9A-DE04DECB508D}.Debug|Any CPU.ActiveCfg = Debug|Any CPU
		{766AD84D-6269-47F0-AC9A-DE04DECB508D}.Debug|Any CPU.Build.0 = Debug|Any CPU
		{766AD84D-6269-47F0-AC9A-DE04DECB508D}.Release|Any CPU.ActiveCfg = Release|Any CPU
		{766AD84D-6269-47F0-AC9A-DE04DECB508D}.Release|Any CPU.Build.0 = Release|Any CPU
		{88ECECB7-AF09-4D46-B48F-3BE672B96595}.Debug|Any CPU.ActiveCfg = Debug|Any CPU
		{88ECECB7-AF09-4D46-B48F-3BE672B96595}.Debug|Any CPU.Build.0 = Debug|Any CPU
		{88ECECB7-AF09-4D46-B48F-3BE672B96595}.Release|Any CPU.ActiveCfg = Release|Any CPU
		{88ECECB7-AF09-4D46-B48F-3BE672B96595}.Release|Any CPU.Build.0 = Release|Any CPU
		{7E678045-88FD-405D-B1F2-88513E8A1BD9}.Debug|Any CPU.ActiveCfg = Debug|Any CPU
		{7E678045-88FD-405D-B1F2-88513E8A1BD9}.Debug|Any CPU.Build.0 = Debug|Any CPU
		{7E678045-88FD-405D-B1F2-88513E8A1BD9}.Release|Any CPU.ActiveCfg = Release|Any CPU
		{7E678045-88FD-405D-B1F2-88513E8A1BD9}.Release|Any CPU.Build.0 = Release|Any CPU
	EndGlobalSection
	GlobalSection(SolutionProperties) = preSolution
		HideSolutionNode = FALSE
	EndGlobalSection
	GlobalSection(ExtensibilityGlobals) = postSolution
		SolutionGuid = {A1ECE864-F5E6-4AC6-8FD6-BDE65C9B18B5}
	EndGlobalSection
EndGlobal
