
Microsoft Visual Studio Solution File, Format Version 12.00
# Visual Studio Version 17
VisualStudioVersion = 17.3.32819.101
MinimumVisualStudioVersion = 10.0.40219.1
Project("{9A19103F-16F7-4668-BE54-9A1E7A4F7556}") = "Demo", "Demo\Demo.csproj", "{065EE2D8-DF37-4AEE-87B1-D08B5E34ECAF}"
EndProject
Project("{9A19103F-16F7-4668-BE54-9A1E7A4F7556}") = "backend", "backend\backend\backend.csproj", "{99648335-887A-468C-9861-2ACA41020141}"
EndProject
Project("{9A19103F-16F7-4668-BE54-9A1E7A4F7556}") = "backend.Tests", "backend\backend.Tests\backend.Tests.csproj", "{84110F60-4DCB-41C6-BCC5-94DD89287E14}"
EndProject
Project("{9A19103F-16F7-4668-BE54-9A1E7A4F7556}") = "FunctionProject", "backend\FunctionProject\FunctionProject.csproj", "{39BAB9BC-FC31-4A63-9683-660741131E6E}"
EndProject
Project("{9A19103F-16F7-4668-BE54-9A1E7A4F7556}") = "FunctionProject.Tests", "backend\FunctionProject.Tests\FunctionProject.Tests.csproj", "{3E255A06-D8E7-4BCD-B8C4-C1DD8B00358C}"
EndProject
Project("{9A19103F-16F7-4668-BE54-9A1E7A4F7556}") = "CityImages", "backend\CityImages\CityImages.csproj", "{804912F5-8A9C-4C12-99C3-2FB62B563337}"
EndProject
Project("{9A19103F-16F7-4668-BE54-9A1E7A4F7556}") = "CityImages.Tests", "backend\CityImages.Tests\CityImages.Tests.csproj", "{8FD23B82-38A0-429B-8FB6-251E0D3C9224}"
EndProject
Project("{FAE04EC0-301F-11D3-BF4B-00C04F79EFBC}") = "CityWeather", "backend\CityWeather\CityWeather.csproj", "{DE27B1F6-E996-4AD8-BF19-1616DC511DDC}"
EndProject
Project("{FAE04EC0-301F-11D3-BF4B-00C04F79EFBC}") = "CityWeather.Tests", "CityWeather.Tests\CityWeather.Tests.csproj", "{2382FD81-4AE0-4608-9203-F838AD44AFC5}"
EndProject
Global
	GlobalSection(SolutionConfigurationPlatforms) = preSolution
		Debug|Any CPU = Debug|Any CPU
		Release|Any CPU = Release|Any CPU
	EndGlobalSection
	GlobalSection(ProjectConfigurationPlatforms) = postSolution
		{065EE2D8-DF37-4AEE-87B1-D08B5E34ECAF}.Debug|Any CPU.ActiveCfg = Debug|Any CPU
		{065EE2D8-DF37-4AEE-87B1-D08B5E34ECAF}.Debug|Any CPU.Build.0 = Debug|Any CPU
		{065EE2D8-DF37-4AEE-87B1-D08B5E34ECAF}.Release|Any CPU.ActiveCfg = Release|Any CPU
		{065EE2D8-DF37-4AEE-87B1-D08B5E34ECAF}.Release|Any CPU.Build.0 = Release|Any CPU
		{99648335-887A-468C-9861-2ACA41020141}.Debug|Any CPU.ActiveCfg = Debug|Any CPU
		{99648335-887A-468C-9861-2ACA41020141}.Debug|Any CPU.Build.0 = Debug|Any CPU
		{99648335-887A-468C-9861-2ACA41020141}.Release|Any CPU.ActiveCfg = Release|Any CPU
		{99648335-887A-468C-9861-2ACA41020141}.Release|Any CPU.Build.0 = Release|Any CPU
		{84110F60-4DCB-41C6-BCC5-94DD89287E14}.Debug|Any CPU.ActiveCfg = Debug|Any CPU
		{84110F60-4DCB-41C6-BCC5-94DD89287E14}.Debug|Any CPU.Build.0 = Debug|Any CPU
		{84110F60-4DCB-41C6-BCC5-94DD89287E14}.Release|Any CPU.ActiveCfg = Release|Any CPU
		{84110F60-4DCB-41C6-BCC5-94DD89287E14}.Release|Any CPU.Build.0 = Release|Any CPU
		{39BAB9BC-FC31-4A63-9683-660741131E6E}.Debug|Any CPU.ActiveCfg = Debug|Any CPU
		{39BAB9BC-FC31-4A63-9683-660741131E6E}.Debug|Any CPU.Build.0 = Debug|Any CPU
		{39BAB9BC-FC31-4A63-9683-660741131E6E}.Release|Any CPU.ActiveCfg = Release|Any CPU
		{39BAB9BC-FC31-4A63-9683-660741131E6E}.Release|Any CPU.Build.0 = Release|Any CPU
		{3E255A06-D8E7-4BCD-B8C4-C1DD8B00358C}.Debug|Any CPU.ActiveCfg = Debug|Any CPU
		{3E255A06-D8E7-4BCD-B8C4-C1DD8B00358C}.Debug|Any CPU.Build.0 = Debug|Any CPU
		{3E255A06-D8E7-4BCD-B8C4-C1DD8B00358C}.Release|Any CPU.ActiveCfg = Release|Any CPU
		{3E255A06-D8E7-4BCD-B8C4-C1DD8B00358C}.Release|Any CPU.Build.0 = Release|Any CPU
		{804912F5-8A9C-4C12-99C3-2FB62B563337}.Debug|Any CPU.ActiveCfg = Debug|Any CPU
		{804912F5-8A9C-4C12-99C3-2FB62B563337}.Debug|Any CPU.Build.0 = Debug|Any CPU
		{804912F5-8A9C-4C12-99C3-2FB62B563337}.Release|Any CPU.ActiveCfg = Release|Any CPU
		{804912F5-8A9C-4C12-99C3-2FB62B563337}.Release|Any CPU.Build.0 = Release|Any CPU
		{8FD23B82-38A0-429B-8FB6-251E0D3C9224}.Debug|Any CPU.ActiveCfg = Debug|Any CPU
		{8FD23B82-38A0-429B-8FB6-251E0D3C9224}.Debug|Any CPU.Build.0 = Debug|Any CPU
		{8FD23B82-38A0-429B-8FB6-251E0D3C9224}.Release|Any CPU.ActiveCfg = Release|Any CPU
		{8FD23B82-38A0-429B-8FB6-251E0D3C9224}.Release|Any CPU.Build.0 = Release|Any CPU
		{DE27B1F6-E996-4AD8-BF19-1616DC511DDC}.Debug|Any CPU.ActiveCfg = Debug|Any CPU
		{DE27B1F6-E996-4AD8-BF19-1616DC511DDC}.Debug|Any CPU.Build.0 = Debug|Any CPU
		{DE27B1F6-E996-4AD8-BF19-1616DC511DDC}.Release|Any CPU.ActiveCfg = Release|Any CPU
		{DE27B1F6-E996-4AD8-BF19-1616DC511DDC}.Release|Any CPU.Build.0 = Release|Any CPU
		{2382FD81-4AE0-4608-9203-F838AD44AFC5}.Debug|Any CPU.ActiveCfg = Debug|Any CPU
		{2382FD81-4AE0-4608-9203-F838AD44AFC5}.Debug|Any CPU.Build.0 = Debug|Any CPU
		{2382FD81-4AE0-4608-9203-F838AD44AFC5}.Release|Any CPU.ActiveCfg = Release|Any CPU
		{2382FD81-4AE0-4608-9203-F838AD44AFC5}.Release|Any CPU.Build.0 = Release|Any CPU
	EndGlobalSection
	GlobalSection(SolutionProperties) = preSolution
		HideSolutionNode = FALSE
	EndGlobalSection
	GlobalSection(ExtensibilityGlobals) = postSolution
		SolutionGuid = {21ED6335-375D-48DE-BF03-4D586412CEFF}
	EndGlobalSection
EndGlobal
